
Microsoft Visual Studio Solution File, Format Version 12.00
# Visual Studio 2013
VisualStudioVersion = 12.0.40629.0
MinimumVisualStudioVersion = 10.0.40219.1
Project("{8BC9CEB8-8B4A-11D0-8D11-00A0C91BC942}") = "TweetMedia", "TweetMedia.vcxproj", "{68C29BED-5375-439E-8392-13F87AD9AB51}"
EndProject
Project("{8BC9CEB8-8B4A-11D0-8D11-00A0C91BC942}") = "twitcurl", "external\libtwitcurl\twitcurl.vcxproj", "{00175D8C-EA44-48AE-AC59-B3B7BE04E65C}"
EndProject
Project("{8BC9CEB8-8B4A-11D0-8D11-00A0C91BC942}") = "Test", "Test.vcxproj", "{477BFB70-0CCF-4C16-9EAB-E7A7FCFE6C4E}"
	ProjectSection(ProjectDependencies) = postProject
		{68C29BED-5375-439E-8392-13F87AD9AB51} = {68C29BED-5375-439E-8392-13F87AD9AB51}
	EndProjectSection
EndProject
Global
	GlobalSection(SolutionConfigurationPlatforms) = preSolution
		Debug|Win32 = Debug|Win32
		Debug|x64 = Debug|x64
		Release|Win32 = Release|Win32
		Release|x64 = Release|x64
	EndGlobalSection
	GlobalSection(ProjectConfigurationPlatforms) = postSolution
		{68C29BED-5375-439E-8392-13F87AD9AB51}.Debug|Win32.ActiveCfg = Debug|Win32
		{68C29BED-5375-439E-8392-13F87AD9AB51}.Debug|Win32.Build.0 = Debug|Win32
		{68C29BED-5375-439E-8392-13F87AD9AB51}.Debug|x64.ActiveCfg = Debug|x64
		{68C29BED-5375-439E-8392-13F87AD9AB51}.Debug|x64.Build.0 = Debug|x64
		{68C29BED-5375-439E-8392-13F87AD9AB51}.Release|Win32.ActiveCfg = Release|Win32
		{68C29BED-5375-439E-8392-13F87AD9AB51}.Release|Win32.Build.0 = Release|Win32
		{68C29BED-5375-439E-8392-13F87AD9AB51}.Release|x64.ActiveCfg = Release|x64
		{68C29BED-5375-439E-8392-13F87AD9AB51}.Release|x64.Build.0 = Release|x64
		{00175D8C-EA44-48AE-AC59-B3B7BE04E65C}.Debug|Win32.ActiveCfg = Debug|Win32
		{00175D8C-EA44-48AE-AC59-B3B7BE04E65C}.Debug|Win32.Build.0 = Debug|Win32
		{00175D8C-EA44-48AE-AC59-B3B7BE04E65C}.Debug|x64.ActiveCfg = Debug|x64
		{00175D8C-EA44-48AE-AC59-B3B7BE04E65C}.Debug|x64.Build.0 = Debug|x64
		{00175D8C-EA44-48AE-AC59-B3B7BE04E65C}.Release|Win32.ActiveCfg = Release|Win32
		{00175D8C-EA44-48AE-AC59-B3B7BE04E65C}.Release|Win32.Build.0 = Release|Win32
		{00175D8C-EA44-48AE-AC59-B3B7BE04E65C}.Release|x64.ActiveCfg = Release|x64
		{00175D8C-EA44-48AE-AC59-B3B7BE04E65C}.Release|x64.Build.0 = Release|x64
		{477BFB70-0CCF-4C16-9EAB-E7A7FCFE6C4E}.Debug|Win32.ActiveCfg = Debug|Win32
		{477BFB70-0CCF-4C16-9EAB-E7A7FCFE6C4E}.Debug|Win32.Build.0 = Debug|Win32
		{477BFB70-0CCF-4C16-9EAB-E7A7FCFE6C4E}.Debug|x64.ActiveCfg = Debug|x64
		{477BFB70-0CCF-4C16-9EAB-E7A7FCFE6C4E}.Debug|x64.Build.0 = Debug|x64
		{477BFB70-0CCF-4C16-9EAB-E7A7FCFE6C4E}.Release|Win32.ActiveCfg = Release|Win32
		{477BFB70-0CCF-4C16-9EAB-E7A7FCFE6C4E}.Release|Win32.Build.0 = Release|Win32
		{477BFB70-0CCF-4C16-9EAB-E7A7FCFE6C4E}.Release|x64.ActiveCfg = Release|x64
		{477BFB70-0CCF-4C16-9EAB-E7A7FCFE6C4E}.Release|x64.Build.0 = Release|x64
	EndGlobalSection
	GlobalSection(SolutionProperties) = preSolution
		HideSolutionNode = FALSE
	EndGlobalSection
EndGlobal
